
Microsoft Visual Studio Solution File, Format Version 12.00
# Visual Studio 15
VisualStudioVersion = 15.0.28010.2026
MinimumVisualStudioVersion = 10.0.40219.1
Project("{FAE04EC0-301F-11D3-BF4B-00C04F79EFBC}") = "ProjectV2.Android", "ProjectV2\ProjectV2.Android\ProjectV2.Android.csproj", "{E7774821-8556-4110-AC14-E7D110530728}"
EndProject
Project("{FAE04EC0-301F-11D3-BF4B-00C04F79EFBC}") = "ProjectV2.iOS", "ProjectV2\ProjectV2.iOS\ProjectV2.iOS.csproj", "{68CEFE9E-3974-4E8D-A7F0-FD0366735551}"
EndProject
Project("{FAE04EC0-301F-11D3-BF4B-00C04F79EFBC}") = "ProjectV2.UWP", "ProjectV2\ProjectV2.UWP\ProjectV2.UWP.csproj", "{099D407E-DA04-430B-9B8B-CE310440BC2A}"
EndProject
Project("{FAE04EC0-301F-11D3-BF4B-00C04F79EFBC}") = "ProjectV2", "ProjectV2\ProjectV2\ProjectV2.csproj", "{C38EA886-FC69-46D0-8769-29C2DBFCAC7E}"
EndProject
Global
	GlobalSection(SolutionConfigurationPlatforms) = preSolution
		Ad-Hoc|Any CPU = Ad-Hoc|Any CPU
		Ad-Hoc|ARM = Ad-Hoc|ARM
		Ad-Hoc|iPhone = Ad-Hoc|iPhone
		Ad-Hoc|iPhoneSimulator = Ad-Hoc|iPhoneSimulator
		Ad-Hoc|x64 = Ad-Hoc|x64
		Ad-Hoc|x86 = Ad-Hoc|x86
		AppStore|Any CPU = AppStore|Any CPU
		AppStore|ARM = AppStore|ARM
		AppStore|iPhone = AppStore|iPhone
		AppStore|iPhoneSimulator = AppStore|iPhoneSimulator
		AppStore|x64 = AppStore|x64
		AppStore|x86 = AppStore|x86
		Debug|Any CPU = Debug|Any CPU
		Debug|ARM = Debug|ARM
		Debug|iPhone = Debug|iPhone
		Debug|iPhoneSimulator = Debug|iPhoneSimulator
		Debug|x64 = Debug|x64
		Debug|x86 = Debug|x86
		Release|Any CPU = Release|Any CPU
		Release|ARM = Release|ARM
		Release|iPhone = Release|iPhone
		Release|iPhoneSimulator = Release|iPhoneSimulator
		Release|x64 = Release|x64
		Release|x86 = Release|x86
	EndGlobalSection
	GlobalSection(ProjectConfigurationPlatforms) = postSolution
		{E7774821-8556-4110-AC14-E7D110530728}.Ad-Hoc|Any CPU.ActiveCfg = Release|Any CPU
		{E7774821-8556-4110-AC14-E7D110530728}.Ad-Hoc|Any CPU.Build.0 = Release|Any CPU
		{E7774821-8556-4110-AC14-E7D110530728}.Ad-Hoc|Any CPU.Deploy.0 = Release|Any CPU
		{E7774821-8556-4110-AC14-E7D110530728}.Ad-Hoc|ARM.ActiveCfg = Release|Any CPU
		{E7774821-8556-4110-AC14-E7D110530728}.Ad-Hoc|ARM.Build.0 = Release|Any CPU
		{E7774821-8556-4110-AC14-E7D110530728}.Ad-Hoc|ARM.Deploy.0 = Release|Any CPU
		{E7774821-8556-4110-AC14-E7D110530728}.Ad-Hoc|iPhone.ActiveCfg = Release|Any CPU
		{E7774821-8556-4110-AC14-E7D110530728}.Ad-Hoc|iPhone.Build.0 = Release|Any CPU
		{E7774821-8556-4110-AC14-E7D110530728}.Ad-Hoc|iPhone.Deploy.0 = Release|Any CPU
		{E7774821-8556-4110-AC14-E7D110530728}.Ad-Hoc|iPhoneSimulator.ActiveCfg = Release|Any CPU
		{E7774821-8556-4110-AC14-E7D110530728}.Ad-Hoc|iPhoneSimulator.Build.0 = Release|Any CPU
		{E7774821-8556-4110-AC14-E7D110530728}.Ad-Hoc|iPhoneSimulator.Deploy.0 = Release|Any CPU
		{E7774821-8556-4110-AC14-E7D110530728}.Ad-Hoc|x64.ActiveCfg = Release|Any CPU
		{E7774821-8556-4110-AC14-E7D110530728}.Ad-Hoc|x64.Build.0 = Release|Any CPU
		{E7774821-8556-4110-AC14-E7D110530728}.Ad-Hoc|x64.Deploy.0 = Release|Any CPU
		{E7774821-8556-4110-AC14-E7D110530728}.Ad-Hoc|x86.ActiveCfg = Release|Any CPU
		{E7774821-8556-4110-AC14-E7D110530728}.Ad-Hoc|x86.Build.0 = Release|Any CPU
		{E7774821-8556-4110-AC14-E7D110530728}.Ad-Hoc|x86.Deploy.0 = Release|Any CPU
		{E7774821-8556-4110-AC14-E7D110530728}.AppStore|Any CPU.ActiveCfg = Release|Any CPU
		{E7774821-8556-4110-AC14-E7D110530728}.AppStore|Any CPU.Build.0 = Release|Any CPU
		{E7774821-8556-4110-AC14-E7D110530728}.AppStore|Any CPU.Deploy.0 = Release|Any CPU
		{E7774821-8556-4110-AC14-E7D110530728}.AppStore|ARM.ActiveCfg = Release|Any CPU
		{E7774821-8556-4110-AC14-E7D110530728}.AppStore|ARM.Build.0 = Release|Any CPU
		{E7774821-8556-4110-AC14-E7D110530728}.AppStore|ARM.Deploy.0 = Release|Any CPU
		{E7774821-8556-4110-AC14-E7D110530728}.AppStore|iPhone.ActiveCfg = Release|Any CPU
		{E7774821-8556-4110-AC14-E7D110530728}.AppStore|iPhone.Build.0 = Release|Any CPU
		{E7774821-8556-4110-AC14-E7D110530728}.AppStore|iPhone.Deploy.0 = Release|Any CPU
		{E7774821-8556-4110-AC14-E7D110530728}.AppStore|iPhoneSimulator.ActiveCfg = Release|Any CPU
		{E7774821-8556-4110-AC14-E7D110530728}.AppStore|iPhoneSimulator.Build.0 = Release|Any CPU
		{E7774821-8556-4110-AC14-E7D110530728}.AppStore|iPhoneSimulator.Deploy.0 = Release|Any CPU
		{E7774821-8556-4110-AC14-E7D110530728}.AppStore|x64.ActiveCfg = Release|Any CPU
		{E7774821-8556-4110-AC14-E7D110530728}.AppStore|x64.Build.0 = Release|Any CPU
		{E7774821-8556-4110-AC14-E7D110530728}.AppStore|x64.Deploy.0 = Release|Any CPU
		{E7774821-8556-4110-AC14-E7D110530728}.AppStore|x86.ActiveCfg = Release|Any CPU
		{E7774821-8556-4110-AC14-E7D110530728}.AppStore|x86.Build.0 = Release|Any CPU
		{E7774821-8556-4110-AC14-E7D110530728}.AppStore|x86.Deploy.0 = Release|Any CPU
		{E7774821-8556-4110-AC14-E7D110530728}.Debug|Any CPU.ActiveCfg = Debug|Any CPU
		{E7774821-8556-4110-AC14-E7D110530728}.Debug|Any CPU.Build.0 = Debug|Any CPU
		{E7774821-8556-4110-AC14-E7D110530728}.Debug|Any CPU.Deploy.0 = Debug|Any CPU
		{E7774821-8556-4110-AC14-E7D110530728}.Debug|ARM.ActiveCfg = Debug|Any CPU
		{E7774821-8556-4110-AC14-E7D110530728}.Debug|ARM.Build.0 = Debug|Any CPU
		{E7774821-8556-4110-AC14-E7D110530728}.Debug|ARM.Deploy.0 = Debug|Any CPU
		{E7774821-8556-4110-AC14-E7D110530728}.Debug|iPhone.ActiveCfg = Debug|Any CPU
		{E7774821-8556-4110-AC14-E7D110530728}.Debug|iPhone.Build.0 = Debug|Any CPU
		{E7774821-8556-4110-AC14-E7D110530728}.Debug|iPhone.Deploy.0 = Debug|Any CPU
		{E7774821-8556-4110-AC14-E7D110530728}.Debug|iPhoneSimulator.ActiveCfg = Debug|Any CPU
		{E7774821-8556-4110-AC14-E7D110530728}.Debug|iPhoneSimulator.Build.0 = Debug|Any CPU
		{E7774821-8556-4110-AC14-E7D110530728}.Debug|iPhoneSimulator.Deploy.0 = Debug|Any CPU
		{E7774821-8556-4110-AC14-E7D110530728}.Debug|x64.ActiveCfg = Debug|Any CPU
		{E7774821-8556-4110-AC14-E7D110530728}.Debug|x64.Build.0 = Debug|Any CPU
		{E7774821-8556-4110-AC14-E7D110530728}.Debug|x64.Deploy.0 = Debug|Any CPU
		{E7774821-8556-4110-AC14-E7D110530728}.Debug|x86.ActiveCfg = Debug|Any CPU
		{E7774821-8556-4110-AC14-E7D110530728}.Debug|x86.Build.0 = Debug|Any CPU
		{E7774821-8556-4110-AC14-E7D110530728}.Debug|x86.Deploy.0 = Debug|Any CPU
		{E7774821-8556-4110-AC14-E7D110530728}.Release|Any CPU.ActiveCfg = Release|Any CPU
		{E7774821-8556-4110-AC14-E7D110530728}.Release|Any CPU.Build.0 = Release|Any CPU
		{E7774821-8556-4110-AC14-E7D110530728}.Release|Any CPU.Deploy.0 = Release|Any CPU
		{E7774821-8556-4110-AC14-E7D110530728}.Release|ARM.ActiveCfg = Release|Any CPU
		{E7774821-8556-4110-AC14-E7D110530728}.Release|ARM.Build.0 = Release|Any CPU
		{E7774821-8556-4110-AC14-E7D110530728}.Release|ARM.Deploy.0 = Release|Any CPU
		{E7774821-8556-4110-AC14-E7D110530728}.Release|iPhone.ActiveCfg = Release|Any CPU
		{E7774821-8556-4110-AC14-E7D110530728}.Release|iPhone.Build.0 = Release|Any CPU
		{E7774821-8556-4110-AC14-E7D110530728}.Release|iPhone.Deploy.0 = Release|Any CPU
		{E7774821-8556-4110-AC14-E7D110530728}.Release|iPhoneSimulator.ActiveCfg = Release|Any CPU
		{E7774821-8556-4110-AC14-E7D110530728}.Release|iPhoneSimulator.Build.0 = Release|Any CPU
		{E7774821-8556-4110-AC14-E7D110530728}.Release|iPhoneSimulator.Deploy.0 = Release|Any CPU
		{E7774821-8556-4110-AC14-E7D110530728}.Release|x64.ActiveCfg = Release|Any CPU
		{E7774821-8556-4110-AC14-E7D110530728}.Release|x64.Build.0 = Release|Any CPU
		{E7774821-8556-4110-AC14-E7D110530728}.Release|x64.Deploy.0 = Release|Any CPU
		{E7774821-8556-4110-AC14-E7D110530728}.Release|x86.ActiveCfg = Release|Any CPU
		{E7774821-8556-4110-AC14-E7D110530728}.Release|x86.Build.0 = Release|Any CPU
		{E7774821-8556-4110-AC14-E7D110530728}.Release|x86.Deploy.0 = Release|Any CPU
		{68CEFE9E-3974-4E8D-A7F0-FD0366735551}.Ad-Hoc|Any CPU.ActiveCfg = Ad-Hoc|iPhone
		{68CEFE9E-3974-4E8D-A7F0-FD0366735551}.Ad-Hoc|Any CPU.Build.0 = Ad-Hoc|iPhone
		{68CEFE9E-3974-4E8D-A7F0-FD0366735551}.Ad-Hoc|Any CPU.Deploy.0 = Ad-Hoc|iPhone
		{68CEFE9E-3974-4E8D-A7F0-FD0366735551}.Ad-Hoc|ARM.ActiveCfg = Ad-Hoc|iPhone
		{68CEFE9E-3974-4E8D-A7F0-FD0366735551}.Ad-Hoc|ARM.Build.0 = Ad-Hoc|iPhone
		{68CEFE9E-3974-4E8D-A7F0-FD0366735551}.Ad-Hoc|ARM.Deploy.0 = Ad-Hoc|iPhone
		{68CEFE9E-3974-4E8D-A7F0-FD0366735551}.Ad-Hoc|iPhone.ActiveCfg = Ad-Hoc|iPhone
		{68CEFE9E-3974-4E8D-A7F0-FD0366735551}.Ad-Hoc|iPhone.Build.0 = Ad-Hoc|iPhone
		{68CEFE9E-3974-4E8D-A7F0-FD0366735551}.Ad-Hoc|iPhone.Deploy.0 = Ad-Hoc|iPhone
		{68CEFE9E-3974-4E8D-A7F0-FD0366735551}.Ad-Hoc|iPhoneSimulator.ActiveCfg = Ad-Hoc|iPhoneSimulator
		{68CEFE9E-3974-4E8D-A7F0-FD0366735551}.Ad-Hoc|iPhoneSimulator.Build.0 = Ad-Hoc|iPhoneSimulator
		{68CEFE9E-3974-4E8D-A7F0-FD0366735551}.Ad-Hoc|iPhoneSimulator.Deploy.0 = Ad-Hoc|iPhoneSimulator
		{68CEFE9E-3974-4E8D-A7F0-FD0366735551}.Ad-Hoc|x64.ActiveCfg = Ad-Hoc|iPhone
		{68CEFE9E-3974-4E8D-A7F0-FD0366735551}.Ad-Hoc|x64.Build.0 = Ad-Hoc|iPhone
		{68CEFE9E-3974-4E8D-A7F0-FD0366735551}.Ad-Hoc|x64.Deploy.0 = Ad-Hoc|iPhone
		{68CEFE9E-3974-4E8D-A7F0-FD0366735551}.Ad-Hoc|x86.ActiveCfg = Ad-Hoc|iPhone
		{68CEFE9E-3974-4E8D-A7F0-FD0366735551}.Ad-Hoc|x86.Build.0 = Ad-Hoc|iPhone
		{68CEFE9E-3974-4E8D-A7F0-FD0366735551}.Ad-Hoc|x86.Deploy.0 = Ad-Hoc|iPhone
		{68CEFE9E-3974-4E8D-A7F0-FD0366735551}.AppStore|Any CPU.ActiveCfg = AppStore|iPhone
		{68CEFE9E-3974-4E8D-A7F0-FD0366735551}.AppStore|Any CPU.Build.0 = AppStore|iPhone
		{68CEFE9E-3974-4E8D-A7F0-FD0366735551}.AppStore|Any CPU.Deploy.0 = AppStore|iPhone
		{68CEFE9E-3974-4E8D-A7F0-FD0366735551}.AppStore|ARM.ActiveCfg = AppStore|iPhone
		{68CEFE9E-3974-4E8D-A7F0-FD0366735551}.AppStore|ARM.Build.0 = AppStore|iPhone
		{68CEFE9E-3974-4E8D-A7F0-FD0366735551}.AppStore|ARM.Deploy.0 = AppStore|iPhone
		{68CEFE9E-3974-4E8D-A7F0-FD0366735551}.AppStore|iPhone.ActiveCfg = AppStore|iPhone
		{68CEFE9E-3974-4E8D-A7F0-FD0366735551}.AppStore|iPhone.Build.0 = AppStore|iPhone
		{68CEFE9E-3974-4E8D-A7F0-FD0366735551}.AppStore|iPhone.Deploy.0 = AppStore|iPhone
		{68CEFE9E-3974-4E8D-A7F0-FD0366735551}.AppStore|iPhoneSimulator.ActiveCfg = AppStore|iPhoneSimulator
		{68CEFE9E-3974-4E8D-A7F0-FD0366735551}.AppStore|iPhoneSimulator.Build.0 = AppStore|iPhoneSimulator
		{68CEFE9E-3974-4E8D-A7F0-FD0366735551}.AppStore|iPhoneSimulator.Deploy.0 = AppStore|iPhoneSimulator
		{68CEFE9E-3974-4E8D-A7F0-FD0366735551}.AppStore|x64.ActiveCfg = AppStore|iPhone
		{68CEFE9E-3974-4E8D-A7F0-FD0366735551}.AppStore|x64.Build.0 = AppStore|iPhone
		{68CEFE9E-3974-4E8D-A7F0-FD0366735551}.AppStore|x64.Deploy.0 = AppStore|iPhone
		{68CEFE9E-3974-4E8D-A7F0-FD0366735551}.AppStore|x86.ActiveCfg = AppStore|iPhone
		{68CEFE9E-3974-4E8D-A7F0-FD0366735551}.AppStore|x86.Build.0 = AppStore|iPhone
		{68CEFE9E-3974-4E8D-A7F0-FD0366735551}.AppStore|x86.Deploy.0 = AppStore|iPhone
		{68CEFE9E-3974-4E8D-A7F0-FD0366735551}.Debug|Any CPU.ActiveCfg = Debug|iPhoneSimulator
		{68CEFE9E-3974-4E8D-A7F0-FD0366735551}.Debug|Any CPU.Build.0 = Debug|iPhoneSimulator
		{68CEFE9E-3974-4E8D-A7F0-FD0366735551}.Debug|Any CPU.Deploy.0 = Debug|iPhoneSimulator
		{68CEFE9E-3974-4E8D-A7F0-FD0366735551}.Debug|ARM.ActiveCfg = Debug|iPhone
		{68CEFE9E-3974-4E8D-A7F0-FD0366735551}.Debug|ARM.Build.0 = Debug|iPhone
		{68CEFE9E-3974-4E8D-A7F0-FD0366735551}.Debug|ARM.Deploy.0 = Debug|iPhone
		{68CEFE9E-3974-4E8D-A7F0-FD0366735551}.Debug|iPhone.ActiveCfg = Debug|iPhone
		{68CEFE9E-3974-4E8D-A7F0-FD0366735551}.Debug|iPhone.Build.0 = Debug|iPhone
		{68CEFE9E-3974-4E8D-A7F0-FD0366735551}.Debug|iPhone.Deploy.0 = Debug|iPhone
		{68CEFE9E-3974-4E8D-A7F0-FD0366735551}.Debug|iPhoneSimulator.ActiveCfg = Debug|iPhoneSimulator
		{68CEFE9E-3974-4E8D-A7F0-FD0366735551}.Debug|iPhoneSimulator.Build.0 = Debug|iPhoneSimulator
		{68CEFE9E-3974-4E8D-A7F0-FD0366735551}.Debug|iPhoneSimulator.Deploy.0 = Debug|iPhoneSimulator
		{68CEFE9E-3974-4E8D-A7F0-FD0366735551}.Debug|x64.ActiveCfg = Debug|iPhone
		{68CEFE9E-3974-4E8D-A7F0-FD0366735551}.Debug|x64.Build.0 = Debug|iPhone
		{68CEFE9E-3974-4E8D-A7F0-FD0366735551}.Debug|x64.Deploy.0 = Debug|iPhone
		{68CEFE9E-3974-4E8D-A7F0-FD0366735551}.Debug|x86.ActiveCfg = Debug|iPhone
		{68CEFE9E-3974-4E8D-A7F0-FD0366735551}.Debug|x86.Build.0 = Debug|iPhone
		{68CEFE9E-3974-4E8D-A7F0-FD0366735551}.Debug|x86.Deploy.0 = Debug|iPhone
		{68CEFE9E-3974-4E8D-A7F0-FD0366735551}.Release|Any CPU.ActiveCfg = Release|iPhone
		{68CEFE9E-3974-4E8D-A7F0-FD0366735551}.Release|Any CPU.Build.0 = Release|iPhone
		{68CEFE9E-3974-4E8D-A7F0-FD0366735551}.Release|Any CPU.Deploy.0 = Release|iPhone
		{68CEFE9E-3974-4E8D-A7F0-FD0366735551}.Release|ARM.ActiveCfg = Release|iPhone
		{68CEFE9E-3974-4E8D-A7F0-FD0366735551}.Release|ARM.Build.0 = Release|iPhone
		{68CEFE9E-3974-4E8D-A7F0-FD0366735551}.Release|ARM.Deploy.0 = Release|iPhone
		{68CEFE9E-3974-4E8D-A7F0-FD0366735551}.Release|iPhone.ActiveCfg = Release|iPhone
		{68CEFE9E-3974-4E8D-A7F0-FD0366735551}.Release|iPhone.Build.0 = Release|iPhone
		{68CEFE9E-3974-4E8D-A7F0-FD0366735551}.Release|iPhone.Deploy.0 = Release|iPhone
		{68CEFE9E-3974-4E8D-A7F0-FD0366735551}.Release|iPhoneSimulator.ActiveCfg = Release|iPhoneSimulator
		{68CEFE9E-3974-4E8D-A7F0-FD0366735551}.Release|iPhoneSimulator.Build.0 = Release|iPhoneSimulator
		{68CEFE9E-3974-4E8D-A7F0-FD0366735551}.Release|iPhoneSimulator.Deploy.0 = Release|iPhoneSimulator
		{68CEFE9E-3974-4E8D-A7F0-FD0366735551}.Release|x64.ActiveCfg = Release|iPhone
		{68CEFE9E-3974-4E8D-A7F0-FD0366735551}.Release|x64.Build.0 = Release|iPhone
		{68CEFE9E-3974-4E8D-A7F0-FD0366735551}.Release|x64.Deploy.0 = Release|iPhone
		{68CEFE9E-3974-4E8D-A7F0-FD0366735551}.Release|x86.ActiveCfg = Release|iPhone
		{68CEFE9E-3974-4E8D-A7F0-FD0366735551}.Release|x86.Build.0 = Release|iPhone
		{68CEFE9E-3974-4E8D-A7F0-FD0366735551}.Release|x86.Deploy.0 = Release|iPhone
		{099D407E-DA04-430B-9B8B-CE310440BC2A}.Ad-Hoc|Any CPU.ActiveCfg = Release|x86
		{099D407E-DA04-430B-9B8B-CE310440BC2A}.Ad-Hoc|Any CPU.Build.0 = Release|x86
		{099D407E-DA04-430B-9B8B-CE310440BC2A}.Ad-Hoc|Any CPU.Deploy.0 = Release|x86
		{099D407E-DA04-430B-9B8B-CE310440BC2A}.Ad-Hoc|ARM.ActiveCfg = Release|ARM
		{099D407E-DA04-430B-9B8B-CE310440BC2A}.Ad-Hoc|ARM.Build.0 = Release|ARM
		{099D407E-DA04-430B-9B8B-CE310440BC2A}.Ad-Hoc|ARM.Deploy.0 = Release|ARM
		{099D407E-DA04-430B-9B8B-CE310440BC2A}.Ad-Hoc|iPhone.ActiveCfg = Release|x86
		{099D407E-DA04-430B-9B8B-CE310440BC2A}.Ad-Hoc|iPhone.Build.0 = Release|x86
		{099D407E-DA04-430B-9B8B-CE310440BC2A}.Ad-Hoc|iPhone.Deploy.0 = Release|x86
		{099D407E-DA04-430B-9B8B-CE310440BC2A}.Ad-Hoc|iPhoneSimulator.ActiveCfg = Release|x86
		{099D407E-DA04-430B-9B8B-CE310440BC2A}.Ad-Hoc|iPhoneSimulator.Build.0 = Release|x86
		{099D407E-DA04-430B-9B8B-CE310440BC2A}.Ad-Hoc|iPhoneSimulator.Deploy.0 = Release|x86
		{099D407E-DA04-430B-9B8B-CE310440BC2A}.Ad-Hoc|x64.ActiveCfg = Release|x64
		{099D407E-DA04-430B-9B8B-CE310440BC2A}.Ad-Hoc|x64.Build.0 = Release|x64
		{099D407E-DA04-430B-9B8B-CE310440BC2A}.Ad-Hoc|x64.Deploy.0 = Release|x64
		{099D407E-DA04-430B-9B8B-CE310440BC2A}.Ad-Hoc|x86.ActiveCfg = Release|x86
		{099D407E-DA04-430B-9B8B-CE310440BC2A}.Ad-Hoc|x86.Build.0 = Release|x86
		{099D407E-DA04-430B-9B8B-CE310440BC2A}.Ad-Hoc|x86.Deploy.0 = Release|x86
		{099D407E-DA04-430B-9B8B-CE310440BC2A}.AppStore|Any CPU.ActiveCfg = Release|x86
		{099D407E-DA04-430B-9B8B-CE310440BC2A}.AppStore|Any CPU.Build.0 = Release|x86
		{099D407E-DA04-430B-9B8B-CE310440BC2A}.AppStore|Any CPU.Deploy.0 = Release|x86
		{099D407E-DA04-430B-9B8B-CE310440BC2A}.AppStore|ARM.ActiveCfg = Release|ARM
		{099D407E-DA04-430B-9B8B-CE310440BC2A}.AppStore|ARM.Build.0 = Release|ARM
		{099D407E-DA04-430B-9B8B-CE310440BC2A}.AppStore|ARM.Deploy.0 = Release|ARM
		{099D407E-DA04-430B-9B8B-CE310440BC2A}.AppStore|iPhone.ActiveCfg = Release|x86
		{099D407E-DA04-430B-9B8B-CE310440BC2A}.AppStore|iPhone.Build.0 = Release|x86
		{099D407E-DA04-430B-9B8B-CE310440BC2A}.AppStore|iPhone.Deploy.0 = Release|x86
		{099D407E-DA04-430B-9B8B-CE310440BC2A}.AppStore|iPhoneSimulator.ActiveCfg = Release|x86
		{099D407E-DA04-430B-9B8B-CE310440BC2A}.AppStore|iPhoneSimulator.Build.0 = Release|x86
		{099D407E-DA04-430B-9B8B-CE310440BC2A}.AppStore|iPhoneSimulator.Deploy.0 = Release|x86
		{099D407E-DA04-430B-9B8B-CE310440BC2A}.AppStore|x64.ActiveCfg = Release|x64
		{099D407E-DA04-430B-9B8B-CE310440BC2A}.AppStore|x64.Build.0 = Release|x64
		{099D407E-DA04-430B-9B8B-CE310440BC2A}.AppStore|x64.Deploy.0 = Release|x64
		{099D407E-DA04-430B-9B8B-CE310440BC2A}.AppStore|x86.ActiveCfg = Release|x86
		{099D407E-DA04-430B-9B8B-CE310440BC2A}.AppStore|x86.Build.0 = Release|x86
		{099D407E-DA04-430B-9B8B-CE310440BC2A}.AppStore|x86.Deploy.0 = Release|x86
		{099D407E-DA04-430B-9B8B-CE310440BC2A}.Debug|Any CPU.ActiveCfg = Debug|x86
		{099D407E-DA04-430B-9B8B-CE310440BC2A}.Debug|Any CPU.Build.0 = Debug|x86
		{099D407E-DA04-430B-9B8B-CE310440BC2A}.Debug|Any CPU.Deploy.0 = Debug|x86
		{099D407E-DA04-430B-9B8B-CE310440BC2A}.Debug|ARM.ActiveCfg = Debug|ARM
		{099D407E-DA04-430B-9B8B-CE310440BC2A}.Debug|ARM.Build.0 = Debug|ARM
		{099D407E-DA04-430B-9B8B-CE310440BC2A}.Debug|ARM.Deploy.0 = Debug|ARM
		{099D407E-DA04-430B-9B8B-CE310440BC2A}.Debug|iPhone.ActiveCfg = Debug|x86
		{099D407E-DA04-430B-9B8B-CE310440BC2A}.Debug|iPhone.Build.0 = Debug|x86
		{099D407E-DA04-430B-9B8B-CE310440BC2A}.Debug|iPhone.Deploy.0 = Debug|x86
		{099D407E-DA04-430B-9B8B-CE310440BC2A}.Debug|iPhoneSimulator.ActiveCfg = Debug|x86
		{099D407E-DA04-430B-9B8B-CE310440BC2A}.Debug|iPhoneSimulator.Build.0 = Debug|x86
		{099D407E-DA04-430B-9B8B-CE310440BC2A}.Debug|iPhoneSimulator.Deploy.0 = Debug|x86
		{099D407E-DA04-430B-9B8B-CE310440BC2A}.Debug|x64.ActiveCfg = Debug|x64
		{099D407E-DA04-430B-9B8B-CE310440BC2A}.Debug|x64.Build.0 = Debug|x64
		{099D407E-DA04-430B-9B8B-CE310440BC2A}.Debug|x64.Deploy.0 = Debug|x64
		{099D407E-DA04-430B-9B8B-CE310440BC2A}.Debug|x86.ActiveCfg = Debug|x86
		{099D407E-DA04-430B-9B8B-CE310440BC2A}.Debug|x86.Build.0 = Debug|x86
		{099D407E-DA04-430B-9B8B-CE310440BC2A}.Debug|x86.Deploy.0 = Debug|x86
		{099D407E-DA04-430B-9B8B-CE310440BC2A}.Release|Any CPU.ActiveCfg = Release|x86
		{099D407E-DA04-430B-9B8B-CE310440BC2A}.Release|Any CPU.Build.0 = Release|x86
		{099D407E-DA04-430B-9B8B-CE310440BC2A}.Release|Any CPU.Deploy.0 = Release|x86
		{099D407E-DA04-430B-9B8B-CE310440BC2A}.Release|ARM.ActiveCfg = Release|ARM
		{099D407E-DA04-430B-9B8B-CE310440BC2A}.Release|ARM.Build.0 = Release|ARM
		{099D407E-DA04-430B-9B8B-CE310440BC2A}.Release|ARM.Deploy.0 = Release|ARM
		{099D407E-DA04-430B-9B8B-CE310440BC2A}.Release|iPhone.ActiveCfg = Release|x86
		{099D407E-DA04-430B-9B8B-CE310440BC2A}.Release|iPhone.Build.0 = Release|x86
		{099D407E-DA04-430B-9B8B-CE310440BC2A}.Release|iPhone.Deploy.0 = Release|x86
		{099D407E-DA04-430B-9B8B-CE310440BC2A}.Release|iPhoneSimulator.ActiveCfg = Release|x86
		{099D407E-DA04-430B-9B8B-CE310440BC2A}.Release|iPhoneSimulator.Build.0 = Release|x86
		{099D407E-DA04-430B-9B8B-CE310440BC2A}.Release|iPhoneSimulator.Deploy.0 = Release|x86
		{099D407E-DA04-430B-9B8B-CE310440BC2A}.Release|x64.ActiveCfg = Release|x64
		{099D407E-DA04-430B-9B8B-CE310440BC2A}.Release|x64.Build.0 = Release|x64
		{099D407E-DA04-430B-9B8B-CE310440BC2A}.Release|x64.Deploy.0 = Release|x64
		{099D407E-DA04-430B-9B8B-CE310440BC2A}.Release|x86.ActiveCfg = Release|x86
		{099D407E-DA04-430B-9B8B-CE310440BC2A}.Release|x86.Build.0 = Release|x86
		{099D407E-DA04-430B-9B8B-CE310440BC2A}.Release|x86.Deploy.0 = Release|x86
		{C38EA886-FC69-46D0-8769-29C2DBFCAC7E}.Ad-Hoc|Any CPU.ActiveCfg = Debug|Any CPU
		{C38EA886-FC69-46D0-8769-29C2DBFCAC7E}.Ad-Hoc|Any CPU.Build.0 = Debug|Any CPU
		{C38EA886-FC69-46D0-8769-29C2DBFCAC7E}.Ad-Hoc|Any CPU.Deploy.0 = Debug|Any CPU
		{C38EA886-FC69-46D0-8769-29C2DBFCAC7E}.Ad-Hoc|ARM.ActiveCfg = Debug|Any CPU
		{C38EA886-FC69-46D0-8769-29C2DBFCAC7E}.Ad-Hoc|ARM.Build.0 = Debug|Any CPU
		{C38EA886-FC69-46D0-8769-29C2DBFCAC7E}.Ad-Hoc|ARM.Deploy.0 = Debug|Any CPU
		{C38EA886-FC69-46D0-8769-29C2DBFCAC7E}.Ad-Hoc|iPhone.ActiveCfg = Debug|Any CPU
		{C38EA886-FC69-46D0-8769-29C2DBFCAC7E}.Ad-Hoc|iPhone.Build.0 = Debug|Any CPU
		{C38EA886-FC69-46D0-8769-29C2DBFCAC7E}.Ad-Hoc|iPhone.Deploy.0 = Debug|Any CPU
		{C38EA886-FC69-46D0-8769-29C2DBFCAC7E}.Ad-Hoc|iPhoneSimulator.ActiveCfg = Debug|Any CPU
		{C38EA886-FC69-46D0-8769-29C2DBFCAC7E}.Ad-Hoc|iPhoneSimulator.Build.0 = Debug|Any CPU
		{C38EA886-FC69-46D0-8769-29C2DBFCAC7E}.Ad-Hoc|iPhoneSimulator.Deploy.0 = Debug|Any CPU
		{C38EA886-FC69-46D0-8769-29C2DBFCAC7E}.Ad-Hoc|x64.ActiveCfg = Debug|Any CPU
		{C38EA886-FC69-46D0-8769-29C2DBFCAC7E}.Ad-Hoc|x64.Build.0 = Debug|Any CPU
		{C38EA886-FC69-46D0-8769-29C2DBFCAC7E}.Ad-Hoc|x64.Deploy.0 = Debug|Any CPU
		{C38EA886-FC69-46D0-8769-29C2DBFCAC7E}.Ad-Hoc|x86.ActiveCfg = Debug|Any CPU
		{C38EA886-FC69-46D0-8769-29C2DBFCAC7E}.Ad-Hoc|x86.Build.0 = Debug|Any CPU
		{C38EA886-FC69-46D0-8769-29C2DBFCAC7E}.Ad-Hoc|x86.Deploy.0 = Debug|Any CPU
		{C38EA886-FC69-46D0-8769-29C2DBFCAC7E}.AppStore|Any CPU.ActiveCfg = Debug|Any CPU
		{C38EA886-FC69-46D0-8769-29C2DBFCAC7E}.AppStore|Any CPU.Build.0 = Debug|Any CPU
		{C38EA886-FC69-46D0-8769-29C2DBFCAC7E}.AppStore|Any CPU.Deploy.0 = Debug|Any CPU
		{C38EA886-FC69-46D0-8769-29C2DBFCAC7E}.AppStore|ARM.ActiveCfg = Debug|Any CPU
		{C38EA886-FC69-46D0-8769-29C2DBFCAC7E}.AppStore|ARM.Build.0 = Debug|Any CPU
		{C38EA886-FC69-46D0-8769-29C2DBFCAC7E}.AppStore|ARM.Deploy.0 = Debug|Any CPU
		{C38EA886-FC69-46D0-8769-29C2DBFCAC7E}.AppStore|iPhone.ActiveCfg = Debug|Any CPU
		{C38EA886-FC69-46D0-8769-29C2DBFCAC7E}.AppStore|iPhone.Build.0 = Debug|Any CPU
		{C38EA886-FC69-46D0-8769-29C2DBFCAC7E}.AppStore|iPhone.Deploy.0 = Debug|Any CPU
		{C38EA886-FC69-46D0-8769-29C2DBFCAC7E}.AppStore|iPhoneSimulator.ActiveCfg = Debug|Any CPU
		{C38EA886-FC69-46D0-8769-29C2DBFCAC7E}.AppStore|iPhoneSimulator.Build.0 = Debug|Any CPU
		{C38EA886-FC69-46D0-8769-29C2DBFCAC7E}.AppStore|iPhoneSimulator.Deploy.0 = Debug|Any CPU
		{C38EA886-FC69-46D0-8769-29C2DBFCAC7E}.AppStore|x64.ActiveCfg = Debug|Any CPU
		{C38EA886-FC69-46D0-8769-29C2DBFCAC7E}.AppStore|x64.Build.0 = Debug|Any CPU
		{C38EA886-FC69-46D0-8769-29C2DBFCAC7E}.AppStore|x64.Deploy.0 = Debug|Any CPU
		{C38EA886-FC69-46D0-8769-29C2DBFCAC7E}.AppStore|x86.ActiveCfg = Debug|Any CPU
		{C38EA886-FC69-46D0-8769-29C2DBFCAC7E}.AppStore|x86.Build.0 = Debug|Any CPU
		{C38EA886-FC69-46D0-8769-29C2DBFCAC7E}.AppStore|x86.Deploy.0 = Debug|Any CPU
		{C38EA886-FC69-46D0-8769-29C2DBFCAC7E}.Debug|Any CPU.ActiveCfg = Debug|Any CPU
		{C38EA886-FC69-46D0-8769-29C2DBFCAC7E}.Debug|Any CPU.Build.0 = Debug|Any CPU
		{C38EA886-FC69-46D0-8769-29C2DBFCAC7E}.Debug|Any CPU.Deploy.0 = Debug|Any CPU
		{C38EA886-FC69-46D0-8769-29C2DBFCAC7E}.Debug|ARM.ActiveCfg = Debug|Any CPU
		{C38EA886-FC69-46D0-8769-29C2DBFCAC7E}.Debug|ARM.Build.0 = Debug|Any CPU
		{C38EA886-FC69-46D0-8769-29C2DBFCAC7E}.Debug|ARM.Deploy.0 = Debug|Any CPU
		{C38EA886-FC69-46D0-8769-29C2DBFCAC7E}.Debug|iPhone.ActiveCfg = Debug|Any CPU
		{C38EA886-FC69-46D0-8769-29C2DBFCAC7E}.Debug|iPhone.Build.0 = Debug|Any CPU
		{C38EA886-FC69-46D0-8769-29C2DBFCAC7E}.Debug|iPhone.Deploy.0 = Debug|Any CPU
		{C38EA886-FC69-46D0-8769-29C2DBFCAC7E}.Debug|iPhoneSimulator.ActiveCfg = Debug|Any CPU
		{C38EA886-FC69-46D0-8769-29C2DBFCAC7E}.Debug|iPhoneSimulator.Build.0 = Debug|Any CPU
		{C38EA886-FC69-46D0-8769-29C2DBFCAC7E}.Debug|iPhoneSimulator.Deploy.0 = Debug|Any CPU
		{C38EA886-FC69-46D0-8769-29C2DBFCAC7E}.Debug|x64.ActiveCfg = Debug|Any CPU
		{C38EA886-FC69-46D0-8769-29C2DBFCAC7E}.Debug|x64.Build.0 = Debug|Any CPU
		{C38EA886-FC69-46D0-8769-29C2DBFCAC7E}.Debug|x64.Deploy.0 = Debug|Any CPU
		{C38EA886-FC69-46D0-8769-29C2DBFCAC7E}.Debug|x86.ActiveCfg = Debug|Any CPU
		{C38EA886-FC69-46D0-8769-29C2DBFCAC7E}.Debug|x86.Build.0 = Debug|Any CPU
		{C38EA886-FC69-46D0-8769-29C2DBFCAC7E}.Debug|x86.Deploy.0 = Debug|Any CPU
		{C38EA886-FC69-46D0-8769-29C2DBFCAC7E}.Release|Any CPU.ActiveCfg = Release|Any CPU
		{C38EA886-FC69-46D0-8769-29C2DBFCAC7E}.Release|Any CPU.Build.0 = Release|Any CPU
		{C38EA886-FC69-46D0-8769-29C2DBFCAC7E}.Release|Any CPU.Deploy.0 = Release|Any CPU
		{C38EA886-FC69-46D0-8769-29C2DBFCAC7E}.Release|ARM.ActiveCfg = Release|Any CPU
		{C38EA886-FC69-46D0-8769-29C2DBFCAC7E}.Release|ARM.Build.0 = Release|Any CPU
		{C38EA886-FC69-46D0-8769-29C2DBFCAC7E}.Release|ARM.Deploy.0 = Release|Any CPU
		{C38EA886-FC69-46D0-8769-29C2DBFCAC7E}.Release|iPhone.ActiveCfg = Release|Any CPU
		{C38EA886-FC69-46D0-8769-29C2DBFCAC7E}.Release|iPhone.Build.0 = Release|Any CPU
		{C38EA886-FC69-46D0-8769-29C2DBFCAC7E}.Release|iPhone.Deploy.0 = Release|Any CPU
		{C38EA886-FC69-46D0-8769-29C2DBFCAC7E}.Release|iPhoneSimulator.ActiveCfg = Release|Any CPU
		{C38EA886-FC69-46D0-8769-29C2DBFCAC7E}.Release|iPhoneSimulator.Build.0 = Release|Any CPU
		{C38EA886-FC69-46D0-8769-29C2DBFCAC7E}.Release|iPhoneSimulator.Deploy.0 = Release|Any CPU
		{C38EA886-FC69-46D0-8769-29C2DBFCAC7E}.Release|x64.ActiveCfg = Release|Any CPU
		{C38EA886-FC69-46D0-8769-29C2DBFCAC7E}.Release|x64.Build.0 = Release|Any CPU
		{C38EA886-FC69-46D0-8769-29C2DBFCAC7E}.Release|x64.Deploy.0 = Release|Any CPU
		{C38EA886-FC69-46D0-8769-29C2DBFCAC7E}.Release|x86.ActiveCfg = Release|Any CPU
		{C38EA886-FC69-46D0-8769-29C2DBFCAC7E}.Release|x86.Build.0 = Release|Any CPU
		{C38EA886-FC69-46D0-8769-29C2DBFCAC7E}.Release|x86.Deploy.0 = Release|Any CPU
	EndGlobalSection
	GlobalSection(SolutionProperties) = preSolution
		HideSolutionNode = FALSE
	EndGlobalSection
	GlobalSection(ExtensibilityGlobals) = postSolution
		SolutionGuid = {5E7E426F-183D-412C-9FD6-0807E0B3DF87}
	EndGlobalSection
EndGlobal
