
Microsoft Visual Studio Solution File, Format Version 12.00
# Visual Studio 15
VisualStudioVersion = 15.0.28010.2026
MinimumVisualStudioVersion = 10.0.40219.1
Project("{FAE04EC0-301F-11D3-BF4B-00C04F79EFBC}") = "ProjectV1.Android", "ProjectV1\ProjectV1.Android\ProjectV1.Android.csproj", "{A3F663BC-248D-43A4-8780-597AC7707DC3}"
EndProject
Project("{FAE04EC0-301F-11D3-BF4B-00C04F79EFBC}") = "ProjectV1.iOS", "ProjectV1\ProjectV1.iOS\ProjectV1.iOS.csproj", "{3BE64D43-E345-4E97-A0B5-B4AFE444FC40}"
EndProject
Project("{FAE04EC0-301F-11D3-BF4B-00C04F79EFBC}") = "ProjectV1.UWP", "ProjectV1\ProjectV1.UWP\ProjectV1.UWP.csproj", "{C66D80BC-4123-4200-B5E8-3C7E9EF28AEE}"
EndProject
Project("{D954291E-2A0B-460D-934E-DC6B0785DB48}") = "ProjectV1", "ProjectV1\ProjectV1\ProjectV1.shproj", "{D30AA26B-A3C4-4219-8538-8FCD386C94CB}"
EndProject
Global
	GlobalSection(SharedMSBuildProjectFiles) = preSolution
		ProjectV1\ProjectV1\ProjectV1.projitems*{3be64d43-e345-4e97-a0b5-b4afe444fc40}*SharedItemsImports = 4
		ProjectV1\ProjectV1\ProjectV1.projitems*{a3f663bc-248d-43a4-8780-597ac7707dc3}*SharedItemsImports = 4
		ProjectV1\ProjectV1\ProjectV1.projitems*{c66d80bc-4123-4200-b5e8-3c7e9ef28aee}*SharedItemsImports = 4
		ProjectV1\ProjectV1\ProjectV1.projitems*{d30aa26b-a3c4-4219-8538-8fcd386c94cb}*SharedItemsImports = 13
	EndGlobalSection
	GlobalSection(SolutionConfigurationPlatforms) = preSolution
		Ad-Hoc|Any CPU = Ad-Hoc|Any CPU
		Ad-Hoc|ARM = Ad-Hoc|ARM
		Ad-Hoc|iPhone = Ad-Hoc|iPhone
		Ad-Hoc|iPhoneSimulator = Ad-Hoc|iPhoneSimulator
		Ad-Hoc|x64 = Ad-Hoc|x64
		Ad-Hoc|x86 = Ad-Hoc|x86
		AppStore|Any CPU = AppStore|Any CPU
		AppStore|ARM = AppStore|ARM
		AppStore|iPhone = AppStore|iPhone
		AppStore|iPhoneSimulator = AppStore|iPhoneSimulator
		AppStore|x64 = AppStore|x64
		AppStore|x86 = AppStore|x86
		Debug|Any CPU = Debug|Any CPU
		Debug|ARM = Debug|ARM
		Debug|iPhone = Debug|iPhone
		Debug|iPhoneSimulator = Debug|iPhoneSimulator
		Debug|x64 = Debug|x64
		Debug|x86 = Debug|x86
		Release|Any CPU = Release|Any CPU
		Release|ARM = Release|ARM
		Release|iPhone = Release|iPhone
		Release|iPhoneSimulator = Release|iPhoneSimulator
		Release|x64 = Release|x64
		Release|x86 = Release|x86
	EndGlobalSection
	GlobalSection(ProjectConfigurationPlatforms) = postSolution
		{A3F663BC-248D-43A4-8780-597AC7707DC3}.Ad-Hoc|Any CPU.ActiveCfg = Release|Any CPU
		{A3F663BC-248D-43A4-8780-597AC7707DC3}.Ad-Hoc|Any CPU.Build.0 = Release|Any CPU
		{A3F663BC-248D-43A4-8780-597AC7707DC3}.Ad-Hoc|Any CPU.Deploy.0 = Release|Any CPU
		{A3F663BC-248D-43A4-8780-597AC7707DC3}.Ad-Hoc|ARM.ActiveCfg = Release|Any CPU
		{A3F663BC-248D-43A4-8780-597AC7707DC3}.Ad-Hoc|ARM.Build.0 = Release|Any CPU
		{A3F663BC-248D-43A4-8780-597AC7707DC3}.Ad-Hoc|ARM.Deploy.0 = Release|Any CPU
		{A3F663BC-248D-43A4-8780-597AC7707DC3}.Ad-Hoc|iPhone.ActiveCfg = Release|Any CPU
		{A3F663BC-248D-43A4-8780-597AC7707DC3}.Ad-Hoc|iPhone.Build.0 = Release|Any CPU
		{A3F663BC-248D-43A4-8780-597AC7707DC3}.Ad-Hoc|iPhone.Deploy.0 = Release|Any CPU
		{A3F663BC-248D-43A4-8780-597AC7707DC3}.Ad-Hoc|iPhoneSimulator.ActiveCfg = Release|Any CPU
		{A3F663BC-248D-43A4-8780-597AC7707DC3}.Ad-Hoc|iPhoneSimulator.Build.0 = Release|Any CPU
		{A3F663BC-248D-43A4-8780-597AC7707DC3}.Ad-Hoc|iPhoneSimulator.Deploy.0 = Release|Any CPU
		{A3F663BC-248D-43A4-8780-597AC7707DC3}.Ad-Hoc|x64.ActiveCfg = Release|Any CPU
		{A3F663BC-248D-43A4-8780-597AC7707DC3}.Ad-Hoc|x64.Build.0 = Release|Any CPU
		{A3F663BC-248D-43A4-8780-597AC7707DC3}.Ad-Hoc|x64.Deploy.0 = Release|Any CPU
		{A3F663BC-248D-43A4-8780-597AC7707DC3}.Ad-Hoc|x86.ActiveCfg = Release|Any CPU
		{A3F663BC-248D-43A4-8780-597AC7707DC3}.Ad-Hoc|x86.Build.0 = Release|Any CPU
		{A3F663BC-248D-43A4-8780-597AC7707DC3}.Ad-Hoc|x86.Deploy.0 = Release|Any CPU
		{A3F663BC-248D-43A4-8780-597AC7707DC3}.AppStore|Any CPU.ActiveCfg = Release|Any CPU
		{A3F663BC-248D-43A4-8780-597AC7707DC3}.AppStore|Any CPU.Build.0 = Release|Any CPU
		{A3F663BC-248D-43A4-8780-597AC7707DC3}.AppStore|Any CPU.Deploy.0 = Release|Any CPU
		{A3F663BC-248D-43A4-8780-597AC7707DC3}.AppStore|ARM.ActiveCfg = Release|Any CPU
		{A3F663BC-248D-43A4-8780-597AC7707DC3}.AppStore|ARM.Build.0 = Release|Any CPU
		{A3F663BC-248D-43A4-8780-597AC7707DC3}.AppStore|ARM.Deploy.0 = Release|Any CPU
		{A3F663BC-248D-43A4-8780-597AC7707DC3}.AppStore|iPhone.ActiveCfg = Release|Any CPU
		{A3F663BC-248D-43A4-8780-597AC7707DC3}.AppStore|iPhone.Build.0 = Release|Any CPU
		{A3F663BC-248D-43A4-8780-597AC7707DC3}.AppStore|iPhone.Deploy.0 = Release|Any CPU
		{A3F663BC-248D-43A4-8780-597AC7707DC3}.AppStore|iPhoneSimulator.ActiveCfg = Release|Any CPU
		{A3F663BC-248D-43A4-8780-597AC7707DC3}.AppStore|iPhoneSimulator.Build.0 = Release|Any CPU
		{A3F663BC-248D-43A4-8780-597AC7707DC3}.AppStore|iPhoneSimulator.Deploy.0 = Release|Any CPU
		{A3F663BC-248D-43A4-8780-597AC7707DC3}.AppStore|x64.ActiveCfg = Release|Any CPU
		{A3F663BC-248D-43A4-8780-597AC7707DC3}.AppStore|x64.Build.0 = Release|Any CPU
		{A3F663BC-248D-43A4-8780-597AC7707DC3}.AppStore|x64.Deploy.0 = Release|Any CPU
		{A3F663BC-248D-43A4-8780-597AC7707DC3}.AppStore|x86.ActiveCfg = Release|Any CPU
		{A3F663BC-248D-43A4-8780-597AC7707DC3}.AppStore|x86.Build.0 = Release|Any CPU
		{A3F663BC-248D-43A4-8780-597AC7707DC3}.AppStore|x86.Deploy.0 = Release|Any CPU
		{A3F663BC-248D-43A4-8780-597AC7707DC3}.Debug|Any CPU.ActiveCfg = Debug|Any CPU
		{A3F663BC-248D-43A4-8780-597AC7707DC3}.Debug|Any CPU.Build.0 = Debug|Any CPU
		{A3F663BC-248D-43A4-8780-597AC7707DC3}.Debug|Any CPU.Deploy.0 = Debug|Any CPU
		{A3F663BC-248D-43A4-8780-597AC7707DC3}.Debug|ARM.ActiveCfg = Debug|Any CPU
		{A3F663BC-248D-43A4-8780-597AC7707DC3}.Debug|ARM.Build.0 = Debug|Any CPU
		{A3F663BC-248D-43A4-8780-597AC7707DC3}.Debug|ARM.Deploy.0 = Debug|Any CPU
		{A3F663BC-248D-43A4-8780-597AC7707DC3}.Debug|iPhone.ActiveCfg = Debug|Any CPU
		{A3F663BC-248D-43A4-8780-597AC7707DC3}.Debug|iPhone.Build.0 = Debug|Any CPU
		{A3F663BC-248D-43A4-8780-597AC7707DC3}.Debug|iPhone.Deploy.0 = Debug|Any CPU
		{A3F663BC-248D-43A4-8780-597AC7707DC3}.Debug|iPhoneSimulator.ActiveCfg = Debug|Any CPU
		{A3F663BC-248D-43A4-8780-597AC7707DC3}.Debug|iPhoneSimulator.Build.0 = Debug|Any CPU
		{A3F663BC-248D-43A4-8780-597AC7707DC3}.Debug|iPhoneSimulator.Deploy.0 = Debug|Any CPU
		{A3F663BC-248D-43A4-8780-597AC7707DC3}.Debug|x64.ActiveCfg = Debug|Any CPU
		{A3F663BC-248D-43A4-8780-597AC7707DC3}.Debug|x64.Build.0 = Debug|Any CPU
		{A3F663BC-248D-43A4-8780-597AC7707DC3}.Debug|x64.Deploy.0 = Debug|Any CPU
		{A3F663BC-248D-43A4-8780-597AC7707DC3}.Debug|x86.ActiveCfg = Debug|Any CPU
		{A3F663BC-248D-43A4-8780-597AC7707DC3}.Debug|x86.Build.0 = Debug|Any CPU
		{A3F663BC-248D-43A4-8780-597AC7707DC3}.Debug|x86.Deploy.0 = Debug|Any CPU
		{A3F663BC-248D-43A4-8780-597AC7707DC3}.Release|Any CPU.ActiveCfg = Release|Any CPU
		{A3F663BC-248D-43A4-8780-597AC7707DC3}.Release|Any CPU.Build.0 = Release|Any CPU
		{A3F663BC-248D-43A4-8780-597AC7707DC3}.Release|Any CPU.Deploy.0 = Release|Any CPU
		{A3F663BC-248D-43A4-8780-597AC7707DC3}.Release|ARM.ActiveCfg = Release|Any CPU
		{A3F663BC-248D-43A4-8780-597AC7707DC3}.Release|ARM.Build.0 = Release|Any CPU
		{A3F663BC-248D-43A4-8780-597AC7707DC3}.Release|ARM.Deploy.0 = Release|Any CPU
		{A3F663BC-248D-43A4-8780-597AC7707DC3}.Release|iPhone.ActiveCfg = Release|Any CPU
		{A3F663BC-248D-43A4-8780-597AC7707DC3}.Release|iPhone.Build.0 = Release|Any CPU
		{A3F663BC-248D-43A4-8780-597AC7707DC3}.Release|iPhone.Deploy.0 = Release|Any CPU
		{A3F663BC-248D-43A4-8780-597AC7707DC3}.Release|iPhoneSimulator.ActiveCfg = Release|Any CPU
		{A3F663BC-248D-43A4-8780-597AC7707DC3}.Release|iPhoneSimulator.Build.0 = Release|Any CPU
		{A3F663BC-248D-43A4-8780-597AC7707DC3}.Release|iPhoneSimulator.Deploy.0 = Release|Any CPU
		{A3F663BC-248D-43A4-8780-597AC7707DC3}.Release|x64.ActiveCfg = Release|Any CPU
		{A3F663BC-248D-43A4-8780-597AC7707DC3}.Release|x64.Build.0 = Release|Any CPU
		{A3F663BC-248D-43A4-8780-597AC7707DC3}.Release|x64.Deploy.0 = Release|Any CPU
		{A3F663BC-248D-43A4-8780-597AC7707DC3}.Release|x86.ActiveCfg = Release|Any CPU
		{A3F663BC-248D-43A4-8780-597AC7707DC3}.Release|x86.Build.0 = Release|Any CPU
		{A3F663BC-248D-43A4-8780-597AC7707DC3}.Release|x86.Deploy.0 = Release|Any CPU
		{3BE64D43-E345-4E97-A0B5-B4AFE444FC40}.Ad-Hoc|Any CPU.ActiveCfg = Ad-Hoc|iPhone
		{3BE64D43-E345-4E97-A0B5-B4AFE444FC40}.Ad-Hoc|Any CPU.Build.0 = Ad-Hoc|iPhone
		{3BE64D43-E345-4E97-A0B5-B4AFE444FC40}.Ad-Hoc|Any CPU.Deploy.0 = Ad-Hoc|iPhone
		{3BE64D43-E345-4E97-A0B5-B4AFE444FC40}.Ad-Hoc|ARM.ActiveCfg = Ad-Hoc|iPhone
		{3BE64D43-E345-4E97-A0B5-B4AFE444FC40}.Ad-Hoc|ARM.Build.0 = Ad-Hoc|iPhone
		{3BE64D43-E345-4E97-A0B5-B4AFE444FC40}.Ad-Hoc|ARM.Deploy.0 = Ad-Hoc|iPhone
		{3BE64D43-E345-4E97-A0B5-B4AFE444FC40}.Ad-Hoc|iPhone.ActiveCfg = Ad-Hoc|iPhone
		{3BE64D43-E345-4E97-A0B5-B4AFE444FC40}.Ad-Hoc|iPhone.Build.0 = Ad-Hoc|iPhone
		{3BE64D43-E345-4E97-A0B5-B4AFE444FC40}.Ad-Hoc|iPhone.Deploy.0 = Ad-Hoc|iPhone
		{3BE64D43-E345-4E97-A0B5-B4AFE444FC40}.Ad-Hoc|iPhoneSimulator.ActiveCfg = Ad-Hoc|iPhoneSimulator
		{3BE64D43-E345-4E97-A0B5-B4AFE444FC40}.Ad-Hoc|iPhoneSimulator.Build.0 = Ad-Hoc|iPhoneSimulator
		{3BE64D43-E345-4E97-A0B5-B4AFE444FC40}.Ad-Hoc|iPhoneSimulator.Deploy.0 = Ad-Hoc|iPhoneSimulator
		{3BE64D43-E345-4E97-A0B5-B4AFE444FC40}.Ad-Hoc|x64.ActiveCfg = Ad-Hoc|iPhone
		{3BE64D43-E345-4E97-A0B5-B4AFE444FC40}.Ad-Hoc|x64.Build.0 = Ad-Hoc|iPhone
		{3BE64D43-E345-4E97-A0B5-B4AFE444FC40}.Ad-Hoc|x64.Deploy.0 = Ad-Hoc|iPhone
		{3BE64D43-E345-4E97-A0B5-B4AFE444FC40}.Ad-Hoc|x86.ActiveCfg = Ad-Hoc|iPhone
		{3BE64D43-E345-4E97-A0B5-B4AFE444FC40}.Ad-Hoc|x86.Build.0 = Ad-Hoc|iPhone
		{3BE64D43-E345-4E97-A0B5-B4AFE444FC40}.Ad-Hoc|x86.Deploy.0 = Ad-Hoc|iPhone
		{3BE64D43-E345-4E97-A0B5-B4AFE444FC40}.AppStore|Any CPU.ActiveCfg = AppStore|iPhone
		{3BE64D43-E345-4E97-A0B5-B4AFE444FC40}.AppStore|Any CPU.Build.0 = AppStore|iPhone
		{3BE64D43-E345-4E97-A0B5-B4AFE444FC40}.AppStore|Any CPU.Deploy.0 = AppStore|iPhone
		{3BE64D43-E345-4E97-A0B5-B4AFE444FC40}.AppStore|ARM.ActiveCfg = AppStore|iPhone
		{3BE64D43-E345-4E97-A0B5-B4AFE444FC40}.AppStore|ARM.Build.0 = AppStore|iPhone
		{3BE64D43-E345-4E97-A0B5-B4AFE444FC40}.AppStore|ARM.Deploy.0 = AppStore|iPhone
		{3BE64D43-E345-4E97-A0B5-B4AFE444FC40}.AppStore|iPhone.ActiveCfg = AppStore|iPhone
		{3BE64D43-E345-4E97-A0B5-B4AFE444FC40}.AppStore|iPhone.Build.0 = AppStore|iPhone
		{3BE64D43-E345-4E97-A0B5-B4AFE444FC40}.AppStore|iPhone.Deploy.0 = AppStore|iPhone
		{3BE64D43-E345-4E97-A0B5-B4AFE444FC40}.AppStore|iPhoneSimulator.ActiveCfg = AppStore|iPhoneSimulator
		{3BE64D43-E345-4E97-A0B5-B4AFE444FC40}.AppStore|iPhoneSimulator.Build.0 = AppStore|iPhoneSimulator
		{3BE64D43-E345-4E97-A0B5-B4AFE444FC40}.AppStore|iPhoneSimulator.Deploy.0 = AppStore|iPhoneSimulator
		{3BE64D43-E345-4E97-A0B5-B4AFE444FC40}.AppStore|x64.ActiveCfg = AppStore|iPhone
		{3BE64D43-E345-4E97-A0B5-B4AFE444FC40}.AppStore|x64.Build.0 = AppStore|iPhone
		{3BE64D43-E345-4E97-A0B5-B4AFE444FC40}.AppStore|x64.Deploy.0 = AppStore|iPhone
		{3BE64D43-E345-4E97-A0B5-B4AFE444FC40}.AppStore|x86.ActiveCfg = AppStore|iPhone
		{3BE64D43-E345-4E97-A0B5-B4AFE444FC40}.AppStore|x86.Build.0 = AppStore|iPhone
		{3BE64D43-E345-4E97-A0B5-B4AFE444FC40}.AppStore|x86.Deploy.0 = AppStore|iPhone
		{3BE64D43-E345-4E97-A0B5-B4AFE444FC40}.Debug|Any CPU.ActiveCfg = Debug|iPhoneSimulator
		{3BE64D43-E345-4E97-A0B5-B4AFE444FC40}.Debug|Any CPU.Build.0 = Debug|iPhoneSimulator
		{3BE64D43-E345-4E97-A0B5-B4AFE444FC40}.Debug|Any CPU.Deploy.0 = Debug|iPhoneSimulator
		{3BE64D43-E345-4E97-A0B5-B4AFE444FC40}.Debug|ARM.ActiveCfg = Debug|iPhone
		{3BE64D43-E345-4E97-A0B5-B4AFE444FC40}.Debug|ARM.Build.0 = Debug|iPhone
		{3BE64D43-E345-4E97-A0B5-B4AFE444FC40}.Debug|ARM.Deploy.0 = Debug|iPhone
		{3BE64D43-E345-4E97-A0B5-B4AFE444FC40}.Debug|iPhone.ActiveCfg = Debug|iPhone
		{3BE64D43-E345-4E97-A0B5-B4AFE444FC40}.Debug|iPhone.Build.0 = Debug|iPhone
		{3BE64D43-E345-4E97-A0B5-B4AFE444FC40}.Debug|iPhone.Deploy.0 = Debug|iPhone
		{3BE64D43-E345-4E97-A0B5-B4AFE444FC40}.Debug|iPhoneSimulator.ActiveCfg = Debug|iPhoneSimulator
		{3BE64D43-E345-4E97-A0B5-B4AFE444FC40}.Debug|iPhoneSimulator.Build.0 = Debug|iPhoneSimulator
		{3BE64D43-E345-4E97-A0B5-B4AFE444FC40}.Debug|iPhoneSimulator.Deploy.0 = Debug|iPhoneSimulator
		{3BE64D43-E345-4E97-A0B5-B4AFE444FC40}.Debug|x64.ActiveCfg = Debug|iPhone
		{3BE64D43-E345-4E97-A0B5-B4AFE444FC40}.Debug|x64.Build.0 = Debug|iPhone
		{3BE64D43-E345-4E97-A0B5-B4AFE444FC40}.Debug|x64.Deploy.0 = Debug|iPhone
		{3BE64D43-E345-4E97-A0B5-B4AFE444FC40}.Debug|x86.ActiveCfg = Debug|iPhone
		{3BE64D43-E345-4E97-A0B5-B4AFE444FC40}.Debug|x86.Build.0 = Debug|iPhone
		{3BE64D43-E345-4E97-A0B5-B4AFE444FC40}.Debug|x86.Deploy.0 = Debug|iPhone
		{3BE64D43-E345-4E97-A0B5-B4AFE444FC40}.Release|Any CPU.ActiveCfg = Release|iPhone
		{3BE64D43-E345-4E97-A0B5-B4AFE444FC40}.Release|Any CPU.Build.0 = Release|iPhone
		{3BE64D43-E345-4E97-A0B5-B4AFE444FC40}.Release|Any CPU.Deploy.0 = Release|iPhone
		{3BE64D43-E345-4E97-A0B5-B4AFE444FC40}.Release|ARM.ActiveCfg = Release|iPhone
		{3BE64D43-E345-4E97-A0B5-B4AFE444FC40}.Release|ARM.Build.0 = Release|iPhone
		{3BE64D43-E345-4E97-A0B5-B4AFE444FC40}.Release|ARM.Deploy.0 = Release|iPhone
		{3BE64D43-E345-4E97-A0B5-B4AFE444FC40}.Release|iPhone.ActiveCfg = Release|iPhone
		{3BE64D43-E345-4E97-A0B5-B4AFE444FC40}.Release|iPhone.Build.0 = Release|iPhone
		{3BE64D43-E345-4E97-A0B5-B4AFE444FC40}.Release|iPhone.Deploy.0 = Release|iPhone
		{3BE64D43-E345-4E97-A0B5-B4AFE444FC40}.Release|iPhoneSimulator.ActiveCfg = Release|iPhoneSimulator
		{3BE64D43-E345-4E97-A0B5-B4AFE444FC40}.Release|iPhoneSimulator.Build.0 = Release|iPhoneSimulator
		{3BE64D43-E345-4E97-A0B5-B4AFE444FC40}.Release|iPhoneSimulator.Deploy.0 = Release|iPhoneSimulator
		{3BE64D43-E345-4E97-A0B5-B4AFE444FC40}.Release|x64.ActiveCfg = Release|iPhone
		{3BE64D43-E345-4E97-A0B5-B4AFE444FC40}.Release|x64.Build.0 = Release|iPhone
		{3BE64D43-E345-4E97-A0B5-B4AFE444FC40}.Release|x64.Deploy.0 = Release|iPhone
		{3BE64D43-E345-4E97-A0B5-B4AFE444FC40}.Release|x86.ActiveCfg = Release|iPhone
		{3BE64D43-E345-4E97-A0B5-B4AFE444FC40}.Release|x86.Build.0 = Release|iPhone
		{3BE64D43-E345-4E97-A0B5-B4AFE444FC40}.Release|x86.Deploy.0 = Release|iPhone
		{C66D80BC-4123-4200-B5E8-3C7E9EF28AEE}.Ad-Hoc|Any CPU.ActiveCfg = Release|x86
		{C66D80BC-4123-4200-B5E8-3C7E9EF28AEE}.Ad-Hoc|Any CPU.Build.0 = Release|x86
		{C66D80BC-4123-4200-B5E8-3C7E9EF28AEE}.Ad-Hoc|Any CPU.Deploy.0 = Release|x86
		{C66D80BC-4123-4200-B5E8-3C7E9EF28AEE}.Ad-Hoc|ARM.ActiveCfg = Release|ARM
		{C66D80BC-4123-4200-B5E8-3C7E9EF28AEE}.Ad-Hoc|ARM.Build.0 = Release|ARM
		{C66D80BC-4123-4200-B5E8-3C7E9EF28AEE}.Ad-Hoc|ARM.Deploy.0 = Release|ARM
		{C66D80BC-4123-4200-B5E8-3C7E9EF28AEE}.Ad-Hoc|iPhone.ActiveCfg = Release|x86
		{C66D80BC-4123-4200-B5E8-3C7E9EF28AEE}.Ad-Hoc|iPhone.Build.0 = Release|x86
		{C66D80BC-4123-4200-B5E8-3C7E9EF28AEE}.Ad-Hoc|iPhone.Deploy.0 = Release|x86
		{C66D80BC-4123-4200-B5E8-3C7E9EF28AEE}.Ad-Hoc|iPhoneSimulator.ActiveCfg = Release|x86
		{C66D80BC-4123-4200-B5E8-3C7E9EF28AEE}.Ad-Hoc|iPhoneSimulator.Build.0 = Release|x86
		{C66D80BC-4123-4200-B5E8-3C7E9EF28AEE}.Ad-Hoc|iPhoneSimulator.Deploy.0 = Release|x86
		{C66D80BC-4123-4200-B5E8-3C7E9EF28AEE}.Ad-Hoc|x64.ActiveCfg = Release|x64
		{C66D80BC-4123-4200-B5E8-3C7E9EF28AEE}.Ad-Hoc|x64.Build.0 = Release|x64
		{C66D80BC-4123-4200-B5E8-3C7E9EF28AEE}.Ad-Hoc|x64.Deploy.0 = Release|x64
		{C66D80BC-4123-4200-B5E8-3C7E9EF28AEE}.Ad-Hoc|x86.ActiveCfg = Release|x86
		{C66D80BC-4123-4200-B5E8-3C7E9EF28AEE}.Ad-Hoc|x86.Build.0 = Release|x86
		{C66D80BC-4123-4200-B5E8-3C7E9EF28AEE}.Ad-Hoc|x86.Deploy.0 = Release|x86
		{C66D80BC-4123-4200-B5E8-3C7E9EF28AEE}.AppStore|Any CPU.ActiveCfg = Release|x86
		{C66D80BC-4123-4200-B5E8-3C7E9EF28AEE}.AppStore|Any CPU.Build.0 = Release|x86
		{C66D80BC-4123-4200-B5E8-3C7E9EF28AEE}.AppStore|Any CPU.Deploy.0 = Release|x86
		{C66D80BC-4123-4200-B5E8-3C7E9EF28AEE}.AppStore|ARM.ActiveCfg = Release|ARM
		{C66D80BC-4123-4200-B5E8-3C7E9EF28AEE}.AppStore|ARM.Build.0 = Release|ARM
		{C66D80BC-4123-4200-B5E8-3C7E9EF28AEE}.AppStore|ARM.Deploy.0 = Release|ARM
		{C66D80BC-4123-4200-B5E8-3C7E9EF28AEE}.AppStore|iPhone.ActiveCfg = Release|x86
		{C66D80BC-4123-4200-B5E8-3C7E9EF28AEE}.AppStore|iPhone.Build.0 = Release|x86
		{C66D80BC-4123-4200-B5E8-3C7E9EF28AEE}.AppStore|iPhone.Deploy.0 = Release|x86
		{C66D80BC-4123-4200-B5E8-3C7E9EF28AEE}.AppStore|iPhoneSimulator.ActiveCfg = Release|x86
		{C66D80BC-4123-4200-B5E8-3C7E9EF28AEE}.AppStore|iPhoneSimulator.Build.0 = Release|x86
		{C66D80BC-4123-4200-B5E8-3C7E9EF28AEE}.AppStore|iPhoneSimulator.Deploy.0 = Release|x86
		{C66D80BC-4123-4200-B5E8-3C7E9EF28AEE}.AppStore|x64.ActiveCfg = Release|x64
		{C66D80BC-4123-4200-B5E8-3C7E9EF28AEE}.AppStore|x64.Build.0 = Release|x64
		{C66D80BC-4123-4200-B5E8-3C7E9EF28AEE}.AppStore|x64.Deploy.0 = Release|x64
		{C66D80BC-4123-4200-B5E8-3C7E9EF28AEE}.AppStore|x86.ActiveCfg = Release|x86
		{C66D80BC-4123-4200-B5E8-3C7E9EF28AEE}.AppStore|x86.Build.0 = Release|x86
		{C66D80BC-4123-4200-B5E8-3C7E9EF28AEE}.AppStore|x86.Deploy.0 = Release|x86
		{C66D80BC-4123-4200-B5E8-3C7E9EF28AEE}.Debug|Any CPU.ActiveCfg = Debug|x86
		{C66D80BC-4123-4200-B5E8-3C7E9EF28AEE}.Debug|Any CPU.Build.0 = Debug|x86
		{C66D80BC-4123-4200-B5E8-3C7E9EF28AEE}.Debug|Any CPU.Deploy.0 = Debug|x86
		{C66D80BC-4123-4200-B5E8-3C7E9EF28AEE}.Debug|ARM.ActiveCfg = Debug|ARM
		{C66D80BC-4123-4200-B5E8-3C7E9EF28AEE}.Debug|ARM.Build.0 = Debug|ARM
		{C66D80BC-4123-4200-B5E8-3C7E9EF28AEE}.Debug|ARM.Deploy.0 = Debug|ARM
		{C66D80BC-4123-4200-B5E8-3C7E9EF28AEE}.Debug|iPhone.ActiveCfg = Debug|x86
		{C66D80BC-4123-4200-B5E8-3C7E9EF28AEE}.Debug|iPhone.Build.0 = Debug|x86
		{C66D80BC-4123-4200-B5E8-3C7E9EF28AEE}.Debug|iPhone.Deploy.0 = Debug|x86
		{C66D80BC-4123-4200-B5E8-3C7E9EF28AEE}.Debug|iPhoneSimulator.ActiveCfg = Debug|x86
		{C66D80BC-4123-4200-B5E8-3C7E9EF28AEE}.Debug|iPhoneSimulator.Build.0 = Debug|x86
		{C66D80BC-4123-4200-B5E8-3C7E9EF28AEE}.Debug|iPhoneSimulator.Deploy.0 = Debug|x86
		{C66D80BC-4123-4200-B5E8-3C7E9EF28AEE}.Debug|x64.ActiveCfg = Debug|x64
		{C66D80BC-4123-4200-B5E8-3C7E9EF28AEE}.Debug|x64.Build.0 = Debug|x64
		{C66D80BC-4123-4200-B5E8-3C7E9EF28AEE}.Debug|x64.Deploy.0 = Debug|x64
		{C66D80BC-4123-4200-B5E8-3C7E9EF28AEE}.Debug|x86.ActiveCfg = Debug|x86
		{C66D80BC-4123-4200-B5E8-3C7E9EF28AEE}.Debug|x86.Build.0 = Debug|x86
		{C66D80BC-4123-4200-B5E8-3C7E9EF28AEE}.Debug|x86.Deploy.0 = Debug|x86
		{C66D80BC-4123-4200-B5E8-3C7E9EF28AEE}.Release|Any CPU.ActiveCfg = Release|x86
		{C66D80BC-4123-4200-B5E8-3C7E9EF28AEE}.Release|Any CPU.Build.0 = Release|x86
		{C66D80BC-4123-4200-B5E8-3C7E9EF28AEE}.Release|Any CPU.Deploy.0 = Release|x86
		{C66D80BC-4123-4200-B5E8-3C7E9EF28AEE}.Release|ARM.ActiveCfg = Release|ARM
		{C66D80BC-4123-4200-B5E8-3C7E9EF28AEE}.Release|ARM.Build.0 = Release|ARM
		{C66D80BC-4123-4200-B5E8-3C7E9EF28AEE}.Release|ARM.Deploy.0 = Release|ARM
		{C66D80BC-4123-4200-B5E8-3C7E9EF28AEE}.Release|iPhone.ActiveCfg = Release|x86
		{C66D80BC-4123-4200-B5E8-3C7E9EF28AEE}.Release|iPhone.Build.0 = Release|x86
		{C66D80BC-4123-4200-B5E8-3C7E9EF28AEE}.Release|iPhone.Deploy.0 = Release|x86
		{C66D80BC-4123-4200-B5E8-3C7E9EF28AEE}.Release|iPhoneSimulator.ActiveCfg = Release|x86
		{C66D80BC-4123-4200-B5E8-3C7E9EF28AEE}.Release|iPhoneSimulator.Build.0 = Release|x86
		{C66D80BC-4123-4200-B5E8-3C7E9EF28AEE}.Release|iPhoneSimulator.Deploy.0 = Release|x86
		{C66D80BC-4123-4200-B5E8-3C7E9EF28AEE}.Release|x64.ActiveCfg = Release|x64
		{C66D80BC-4123-4200-B5E8-3C7E9EF28AEE}.Release|x64.Build.0 = Release|x64
		{C66D80BC-4123-4200-B5E8-3C7E9EF28AEE}.Release|x64.Deploy.0 = Release|x64
		{C66D80BC-4123-4200-B5E8-3C7E9EF28AEE}.Release|x86.ActiveCfg = Release|x86
		{C66D80BC-4123-4200-B5E8-3C7E9EF28AEE}.Release|x86.Build.0 = Release|x86
		{C66D80BC-4123-4200-B5E8-3C7E9EF28AEE}.Release|x86.Deploy.0 = Release|x86
	EndGlobalSection
	GlobalSection(SolutionProperties) = preSolution
		HideSolutionNode = FALSE
	EndGlobalSection
	GlobalSection(ExtensibilityGlobals) = postSolution
		SolutionGuid = {303F39F7-E753-4F02-BFB3-9C7B7B99989A}
	EndGlobalSection
EndGlobal
